// !$*UTF8*$!
{
	archiveVersion = 1;
	classes = {
	};
	objectVersion = 50;
	objects = {

/* Begin PBXBuildFile section */
		556C6F08244EDBBD004985E4 /* AppDelegate.swift in Sources */ = {isa = PBXBuildFile; fileRef = 556C6F07244EDBBD004985E4 /* AppDelegate.swift */; };
		556C6F0A244EDBBD004985E4 /* SceneDelegate.swift in Sources */ = {isa = PBXBuildFile; fileRef = 556C6F09244EDBBD004985E4 /* SceneDelegate.swift */; };
		556C6F0C244EDBBD004985E4 /* ViewController.swift in Sources */ = {isa = PBXBuildFile; fileRef = 556C6F0B244EDBBD004985E4 /* ViewController.swift */; };
		556C6F0F244EDBBD004985E4 /* Main.storyboard in Resources */ = {isa = PBXBuildFile; fileRef = 556C6F0D244EDBBD004985E4 /* Main.storyboard */; };
		556C6F11244EDBC2004985E4 /* Assets.xcassets in Resources */ = {isa = PBXBuildFile; fileRef = 556C6F10244EDBC2004985E4 /* Assets.xcassets */; };
		556C6F14244EDBC2004985E4 /* LaunchScreen.storyboard in Resources */ = {isa = PBXBuildFile; fileRef = 556C6F12244EDBC2004985E4 /* LaunchScreen.storyboard */; };
		556C6F1C244EDFFB004985E4 /* SpellData.swift in Sources */ = {isa = PBXBuildFile; fileRef = 556C6F1B244EDFFB004985E4 /* SpellData.swift */; };
		556C6F1E244EE06B004985E4 /* Spells.swift in Sources */ = {isa = PBXBuildFile; fileRef = 556C6F1D244EE06B004985E4 /* Spells.swift */; };
/* End PBXBuildFile section */

/* Begin PBXFileReference section */
		556C6F04244EDBBD004985E4 /* Wand.app */ = {isa = PBXFileReference; explicitFileType = wrapper.application; includeInIndex = 0; path = Wand.app; sourceTree = BUILT_PRODUCTS_DIR; };
		556C6F07244EDBBD004985E4 /* AppDelegate.swift */ = {isa = PBXFileReference; lastKnownFileType = sourcecode.swift; path = AppDelegate.swift; sourceTree = "<group>"; };
		556C6F09244EDBBD004985E4 /* SceneDelegate.swift */ = {isa = PBXFileReference; lastKnownFileType = sourcecode.swift; path = SceneDelegate.swift; sourceTree = "<group>"; };
		556C6F0B244EDBBD004985E4 /* ViewController.swift */ = {isa = PBXFileReference; lastKnownFileType = sourcecode.swift; path = ViewController.swift; sourceTree = "<group>"; };
		556C6F0E244EDBBD004985E4 /* Base */ = {isa = PBXFileReference; lastKnownFileType = file.storyboard; name = Base; path = Base.lproj/Main.storyboard; sourceTree = "<group>"; };
		556C6F10244EDBC2004985E4 /* Assets.xcassets */ = {isa = PBXFileReference; lastKnownFileType = folder.assetcatalog; path = Assets.xcassets; sourceTree = "<group>"; };
		556C6F13244EDBC2004985E4 /* Base */ = {isa = PBXFileReference; lastKnownFileType = file.storyboard; name = Base; path = Base.lproj/LaunchScreen.storyboard; sourceTree = "<group>"; };
		556C6F15244EDBC2004985E4 /* Info.plist */ = {isa = PBXFileReference; lastKnownFileType = text.plist.xml; path = Info.plist; sourceTree = "<group>"; };
		556C6F1B244EDFFB004985E4 /* SpellData.swift */ = {isa = PBXFileReference; lastKnownFileType = sourcecode.swift; path = SpellData.swift; sourceTree = "<group>"; };
		556C6F1D244EE06B004985E4 /* Spells.swift */ = {isa = PBXFileReference; lastKnownFileType = sourcecode.swift; path = Spells.swift; sourceTree = "<group>"; };
/* End PBXFileReference section */

/* Begin PBXFrameworksBuildPhase section */
		556C6F01244EDBBD004985E4 /* Frameworks */ = {
			isa = PBXFrameworksBuildPhase;
			buildActionMask = 2147483647;
			files = (
			);
			runOnlyForDeploymentPostprocessing = 0;
		};
/* End PBXFrameworksBuildPhase section */

/* Begin PBXGroup section */
		556C6EFB244EDBBD004985E4 = {
			isa = PBXGroup;
			children = (
				556C6F06244EDBBD004985E4 /* Wand */,
				556C6F05244EDBBD004985E4 /* Products */,
			);
			sourceTree = "<group>";
		};
		556C6F05244EDBBD004985E4 /* Products */ = {
			isa = PBXGroup;
			children = (
				556C6F04244EDBBD004985E4 /* Wand.app */,
			);
			name = Products;
			sourceTree = "<group>";
		};
		556C6F06244EDBBD004985E4 /* Wand */ = {
			isa = PBXGroup;
			children = (
				556C6F07244EDBBD004985E4 /* AppDelegate.swift */,
				556C6F09244EDBBD004985E4 /* SceneDelegate.swift */,
				556C6F1B244EDFFB004985E4 /* SpellData.swift */,
				556C6F1D244EE06B004985E4 /* Spells.swift */,
				556C6F0B244EDBBD004985E4 /* ViewController.swift */,
				556C6F0D244EDBBD004985E4 /* Main.storyboard */,
				556C6F10244EDBC2004985E4 /* Assets.xcassets */,
				556C6F12244EDBC2004985E4 /* LaunchScreen.storyboard */,
				556C6F15244EDBC2004985E4 /* Info.plist */,
			);
			path = Wand;
			sourceTree = "<group>";
		};
/* End PBXGroup section */

/* Begin PBXNativeTarget section */
		556C6F03244EDBBD004985E4 /* Wand */ = {
			isa = PBXNativeTarget;
			buildConfigurationList = 556C6F18244EDBC2004985E4 /* Build configuration list for PBXNativeTarget "Wand" */;
			buildPhases = (
				556C6F00244EDBBD004985E4 /* Sources */,
				556C6F01244EDBBD004985E4 /* Frameworks */,
				556C6F02244EDBBD004985E4 /* Resources */,
			);
			buildRules = (
			);
			dependencies = (
			);
			name = Wand;
			productName = Wand;
			productReference = 556C6F04244EDBBD004985E4 /* Wand.app */;
			productType = "com.apple.product-type.application";
		};
/* End PBXNativeTarget section */

/* Begin PBXProject section */
		556C6EFC244EDBBD004985E4 /* Project object */ = {
			isa = PBXProject;
			attributes = {
				LastSwiftUpdateCheck = 1140;
				LastUpgradeCheck = 1140;
				ORGANIZATIONNAME = "Michelle Espinosa";
				TargetAttributes = {
					556C6F03244EDBBD004985E4 = {
						CreatedOnToolsVersion = 11.4;
					};
				};
			};
			buildConfigurationList = 556C6EFF244EDBBD004985E4 /* Build configuration list for PBXProject "Wand" */;
			compatibilityVersion = "Xcode 9.3";
			developmentRegion = en;
			hasScannedForEncodings = 0;
			knownRegions = (
				en,
				Base,
			);
			mainGroup = 556C6EFB244EDBBD004985E4;
			productRefGroup = 556C6F05244EDBBD004985E4 /* Products */;
			projectDirPath = "";
			projectRoot = "";
			targets = (
				556C6F03244EDBBD004985E4 /* Wand */,
			);
		};
/* End PBXProject section */

/* Begin PBXResourcesBuildPhase section */
		556C6F02244EDBBD004985E4 /* Resources */ = {
			isa = PBXResourcesBuildPhase;
			buildActionMask = 2147483647;
			files = (
				556C6F14244EDBC2004985E4 /* LaunchScreen.storyboard in Resources */,
				556C6F11244EDBC2004985E4 /* Assets.xcassets in Resources */,
				556C6F0F244EDBBD004985E4 /* Main.storyboard in Resources */,
			);
			runOnlyForDeploymentPostprocessing = 0;
		};
/* End PBXResourcesBuildPhase section */

/* Begin PBXSourcesBuildPhase section */
		556C6F00244EDBBD004985E4 /* Sources */ = {
			isa = PBXSourcesBuildPhase;
			buildActionMask = 2147483647;
			files = (
				556C6F1E244EE06B004985E4 /* Spells.swift in Sources */,
				556C6F1C244EDFFB004985E4 /* SpellData.swift in Sources */,
				556C6F0C244EDBBD004985E4 /* ViewController.swift in Sources */,
				556C6F08244EDBBD004985E4 /* AppDelegate.swift in Sources */,
				556C6F0A244EDBBD004985E4 /* SceneDelegate.swift in Sources */,
			);
			runOnlyForDeploymentPostprocessing = 0;
		};
/* End PBXSourcesBuildPhase section */

/* Begin PBXVariantGroup section */
		556C6F0D244EDBBD004985E4 /* Main.storyboard */ = {
			isa = PBXVariantGroup;
			children = (
				556C6F0E244EDBBD004985E4 /* Base */,
			);
			name = Main.storyboard;
			sourceTree = "<group>";
		};
		556C6F12244EDBC2004985E4 /* LaunchScreen.storyboard */ = {
			isa = PBXVariantGroup;
			children = (
				556C6F13244EDBC2004985E4 /* Base */,
			);
			name = LaunchScreen.storyboard;
			sourceTree = "<group>";
		};
/* End PBXVariantGroup section */

/* Begin XCBuildConfiguration section */
		556C6F16244EDBC2004985E4 /* Debug */ = {
			isa = XCBuildConfiguration;
			buildSettings = {
				ALWAYS_SEARCH_USER_PATHS = NO;
				CLANG_ANALYZER_NONNULL = YES;
				CLANG_ANALYZER_NUMBER_OBJECT_CONVERSION = YES_AGGRESSIVE;
				CLANG_CXX_LANGUAGE_STANDARD = "gnu++14";
				CLANG_CXX_LIBRARY = "libc++";
				CLANG_ENABLE_MODULES = YES;
				CLANG_ENABLE_OBJC_ARC = YES;
				CLANG_ENABLE_OBJC_WEAK = YES;
				CLANG_WARN_BLOCK_CAPTURE_AUTORELEASING = YES;
				CLANG_WARN_BOOL_CONVERSION = YES;
				CLANG_WARN_COMMA = YES;
				CLANG_WARN_CONSTANT_CONVERSION = YES;
				CLANG_WARN_DEPRECATED_OBJC_IMPLEMENTATIONS = YES;
				CLANG_WARN_DIRECT_OBJC_ISA_USAGE = YES_ERROR;
				CLANG_WARN_DOCUMENTATION_COMMENTS = YES;
				CLANG_WARN_EMPTY_BODY = YES;
				CLANG_WARN_ENUM_CONVERSION = YES;
				CLANG_WARN_INFINITE_RECURSION = YES;
				CLANG_WARN_INT_CONVERSION = YES;
				CLANG_WARN_NON_LITERAL_NULL_CONVERSION = YES;
				CLANG_WARN_OBJC_IMPLICIT_RETAIN_SELF = YES;
				CLANG_WARN_OBJC_LITERAL_CONVERSION = YES;
				CLANG_WARN_OBJC_ROOT_CLASS = YES_ERROR;
				CLANG_WARN_RANGE_LOOP_ANALYSIS = YES;
				CLANG_WARN_STRICT_PROTOTYPES = YES;
				CLANG_WARN_SUSPICIOUS_MOVE = YES;
				CLANG_WARN_UNGUARDED_AVAILABILITY = YES_AGGRESSIVE;
				CLANG_WARN_UNREACHABLE_CODE = YES;
				CLANG_WARN__DUPLICATE_METHOD_MATCH = YES;
				COPY_PHASE_STRIP = NO;
				DEBUG_INFORMATION_FORMAT = dwarf;
				ENABLE_STRICT_OBJC_MSGSEND = YES;
				ENABLE_TESTABILITY = YES;
				GCC_C_LANGUAGE_STANDARD = gnu11;
				GCC_DYNAMIC_NO_PIC = NO;
				GCC_NO_COMMON_BLOCKS = YES;
				GCC_OPTIMIZATION_LEVEL = 0;
				GCC_PREPROCESSOR_DEFINITIONS = (
					"DEBUG=1",
					"$(inherited)",
				);
				GCC_WARN_64_TO_32_BIT_CONVERSION = YES;
				GCC_WARN_ABOUT_RETURN_TYPE = YES_ERROR;
				GCC_WARN_UNDECLARED_SELECTOR = YES;
				GCC_WARN_UNINITIALIZED_AUTOS = YES_AGGRESSIVE;
				GCC_WARN_UNUSED_FUNCTION = YES;
				GCC_WARN_UNUSED_VARIABLE = YES;
				IPHONEOS_DEPLOYMENT_TARGET = 13.4;
				MTL_ENABLE_DEBUG_INFO = INCLUDE_SOURCE;
				MTL_FAST_MATH = YES;
				ONLY_ACTIVE_ARCH = YES;
				SDKROOT = iphoneos;
				SWIFT_ACTIVE_COMPILATION_CONDITIONS = DEBUG;
				SWIFT_OPTIMIZATION_LEVEL = "-Onone";
			};
			name = Debug;
		};
		556C6F17244EDBC2004985E4 /* Release */ = {
			isa = XCBuildConfiguration;
			buildSettings = {
				ALWAYS_SEARCH_USER_PATHS = NO;
				CLANG_ANALYZER_NONNULL = YES;
				CLANG_ANALYZER_NUMBER_OBJECT_CONVERSION = YES_AGGRESSIVE;
				CLANG_CXX_LANGUAGE_STANDARD = "gnu++14";
				CLANG_CXX_LIBRARY = "libc++";
				CLANG_ENABLE_MODULES = YES;
				CLANG_ENABLE_OBJC_ARC = YES;
				CLANG_ENABLE_OBJC_WEAK = YES;
				CLANG_WARN_BLOCK_CAPTURE_AUTORELEASING = YES;
				CLANG_WARN_BOOL_CONVERSION = YES;
				CLANG_WARN_COMMA = YES;
				CLANG_WARN_CONSTANT_CONVERSION = YES;
				CLANG_WARN_DEPRECATED_OBJC_IMPLEMENTATIONS = YES;
				CLANG_WARN_DIRECT_OBJC_ISA_USAGE = YES_ERROR;
				CLANG_WARN_DOCUMENTATION_COMMENTS = YES;
				CLANG_WARN_EMPTY_BODY = YES;
				CLANG_WARN_ENUM_CONVERSION = YES;
				CLANG_WARN_INFINITE_RECURSION = YES;
				CLANG_WARN_INT_CONVERSION = YES;
				CLANG_WARN_NON_LITERAL_NULL_CONVERSION = YES;
				CLANG_WARN_OBJC_IMPLICIT_RETAIN_SELF = YES;
				CLANG_WARN_OBJC_LITERAL_CONVERSION = YES;
				CLANG_WARN_OBJC_ROOT_CLASS = YES_ERROR;
				CLANG_WARN_RANGE_LOOP_ANALYSIS = YES;
				CLANG_WARN_STRICT_PROTOTYPES = YES;
				CLANG_WARN_SUSPICIOUS_MOVE = YES;
				CLANG_WARN_UNGUARDED_AVAILABILITY = YES_AGGRESSIVE;
				CLANG_WARN_UNREACHABLE_CODE = YES;
				CLANG_WARN__DUPLICATE_METHOD_MATCH = YES;
				COPY_PHASE_STRIP = NO;
				DEBUG_INFORMATION_FORMAT = "dwarf-with-dsym";
				ENABLE_NS_ASSERTIONS = NO;
				ENABLE_STRICT_OBJC_MSGSEND = YES;
				GCC_C_LANGUAGE_STANDARD = gnu11;
				GCC_NO_COMMON_BLOCKS = YES;
				GCC_WARN_64_TO_32_BIT_CONVERSION = YES;
				GCC_WARN_ABOUT_RETURN_TYPE = YES_ERROR;
				GCC_WARN_UNDECLARED_SELECTOR = YES;
				GCC_WARN_UNINITIALIZED_AUTOS = YES_AGGRESSIVE;
				GCC_WARN_UNUSED_FUNCTION = YES;
				GCC_WARN_UNUSED_VARIABLE = YES;
				IPHONEOS_DEPLOYMENT_TARGET = 13.4;
				MTL_ENABLE_DEBUG_INFO = NO;
				MTL_FAST_MATH = YES;
				SDKROOT = iphoneos;
				SWIFT_COMPILATION_MODE = wholemodule;
				SWIFT_OPTIMIZATION_LEVEL = "-O";
				VALIDATE_PRODUCT = YES;
			};
			name = Release;
		};
		556C6F19244EDBC2004985E4 /* Debug */ = {
			isa = XCBuildConfiguration;
			buildSettings = {
				ASSETCATALOG_COMPILER_APPICON_NAME = AppIcon;
				CODE_SIGN_STYLE = Automatic;
				DEVELOPMENT_TEAM = 6A5WGLVKHP;
				INFOPLIST_FILE = Wand/Info.plist;
				LD_RUNPATH_SEARCH_PATHS = (
					"$(inherited)",
					"@executable_path/Frameworks",
				);
				PRODUCT_BUNDLE_IDENTIFIER = com.mespinosa.Wand;
				PRODUCT_NAME = "$(TARGET_NAME)";
				SWIFT_VERSION = 5.0;
				TARGETED_DEVICE_FAMILY = "1,2";
			};
			name = Debug;
		};
		556C6F1A244EDBC2004985E4 /* Release */ = {
			isa = XCBuildConfiguration;
			buildSettings = {
				ASSETCATALOG_COMPILER_APPICON_NAME = AppIcon;
				CODE_SIGN_STYLE = Automatic;
				DEVELOPMENT_TEAM = 6A5WGLVKHP;
				INFOPLIST_FILE = Wand/Info.plist;
				LD_RUNPATH_SEARCH_PATHS = (
					"$(inherited)",
					"@executable_path/Frameworks",
				);
				PRODUCT_BUNDLE_IDENTIFIER = com.mespinosa.Wand;
				PRODUCT_NAME = "$(TARGET_NAME)";
				SWIFT_VERSION = 5.0;
				TARGETED_DEVICE_FAMILY = "1,2";
			};
			name = Release;
		};
/* End XCBuildConfiguration section */

/* Begin XCConfigurationList section */
		556C6EFF244EDBBD004985E4 /* Build configuration list for PBXProject "Wand" */ = {
			isa = XCConfigurationList;
			buildConfigurations = (
				556C6F16244EDBC2004985E4 /* Debug */,
				556C6F17244EDBC2004985E4 /* Release */,
			);
			defaultConfigurationIsVisible = 0;
			defaultConfigurationName = Release;
		};
		556C6F18244EDBC2004985E4 /* Build configuration list for PBXNativeTarget "Wand" */ = {
			isa = XCConfigurationList;
			buildConfigurations = (
				556C6F19244EDBC2004985E4 /* Debug */,
				556C6F1A244EDBC2004985E4 /* Release */,
			);
			defaultConfigurationIsVisible = 0;
			defaultConfigurationName = Release;
		};
/* End XCConfigurationList section */
	};
	rootObject = 556C6EFC244EDBBD004985E4 /* Project object */;
}
